
Microsoft Visual Studio Solution File, Format Version 12.00
# Visual Studio 15
VisualStudioVersion = 15.0.26730.16
MinimumVisualStudioVersion = 10.0.40219.1
Project("{FAE04EC0-301F-11D3-BF4B-00C04F79EFBC}") = "TheEbayProject", "TheEbayProject\TheEbayProject.csproj", "{B817C067-F12E-4244-AB28-4D6C73F0D23B}"
EndProject
Global
	GlobalSection(SolutionConfigurationPlatforms) = preSolution
		Debug|Any CPU = Debug|Any CPU
		Release|Any CPU = Release|Any CPU
	EndGlobalSection
	GlobalSection(ProjectConfigurationPlatforms) = postSolution
		{B817C067-F12E-4244-AB28-4D6C73F0D23B}.Debug|Any CPU.ActiveCfg = Debug|Any CPU
		{B817C067-F12E-4244-AB28-4D6C73F0D23B}.Debug|Any CPU.Build.0 = Debug|Any CPU
		{B817C067-F12E-4244-AB28-4D6C73F0D23B}.Release|Any CPU.ActiveCfg = Release|Any CPU
		{B817C067-F12E-4244-AB28-4D6C73F0D23B}.Release|Any CPU.Build.0 = Release|Any CPU
	EndGlobalSection
	GlobalSection(SolutionProperties) = preSolution
		HideSolutionNode = FALSE
	EndGlobalSection
	GlobalSection(ExtensibilityGlobals) = postSolution
		SolutionGuid = {B01FC034-EA71-4C88-B054-5BA89BBDF187}
	EndGlobalSection
EndGlobal
